
Microsoft Visual Studio Solution File, Format Version 12.00
# Visual Studio Version 17
VisualStudioVersion = 17.11.35312.102
MinimumVisualStudioVersion = 10.0.40219.1
Project("{8BC9CEB8-8B4A-11D0-8D11-00A0C91BC942}") = "Dx1Test", "Dx1Test.vcxproj", "{CCAD3217-C7D0-497A-B4B9-7CB6AFCE1CFC}"
EndProject
Global
	GlobalSection(SolutionConfigurationPlatforms) = preSolution
		Debug|x64 = Debug|x64
		Debug|x86 = Debug|x86
		Release|x64 = Release|x64
		Release|x86 = Release|x86
	EndGlobalSection
	GlobalSection(ProjectConfigurationPlatforms) = postSolution
		{CCAD3217-C7D0-497A-B4B9-7CB6AFCE1CFC}.Debug|x64.ActiveCfg = Debug|x64
		{CCAD3217-C7D0-497A-B4B9-7CB6AFCE1CFC}.Debug|x64.Build.0 = Debug|x64
		{CCAD3217-C7D0-497A-B4B9-7CB6AFCE1CFC}.Debug|x86.ActiveCfg = Debug|Win32
		{CCAD3217-C7D0-497A-B4B9-7CB6AFCE1CFC}.Debug|x86.Build.0 = Debug|Win32
		{CCAD3217-C7D0-497A-B4B9-7CB6AFCE1CFC}.Release|x64.ActiveCfg = Release|x64
		{CCAD3217-C7D0-497A-B4B9-7CB6AFCE1CFC}.Release|x64.Build.0 = Release|x64
		{CCAD3217-C7D0-497A-B4B9-7CB6AFCE1CFC}.Release|x86.ActiveCfg = Release|Win32
		{CCAD3217-C7D0-497A-B4B9-7CB6AFCE1CFC}.Release|x86.Build.0 = Release|Win32
	EndGlobalSection
	GlobalSection(SolutionProperties) = preSolution
		HideSolutionNode = FALSE
	EndGlobalSection
	GlobalSection(ExtensibilityGlobals) = postSolution
		SolutionGuid = {59255A93-014C-4E7B-9C26-25230CAC6A7B}
	EndGlobalSection
EndGlobal
